Microsoft Visual Studio Solution File, Format Version 12.00
# Visual Studio Version 17
VisualStudioVersion = 17.5.2.0
MinimumVisualStudioVersion = 10.0.40219.1
Project("{FAE04EC0-301F-11D3-BF4B-00C04F79EFBC}") = "SaudiWorldCupHub", "SaudiWorldCupHub.csproj", "{E896074F-AE2A-F0CD-6F3E-9A5EAF227C21}"
EndProject
Global
	GlobalSection(SolutionConfigurationPlatforms) = preSolution
		Debug|Any CPU = Debug|Any CPU
		Release|Any CPU = Release|Any CPU
	EndGlobalSection
	GlobalSection(ProjectConfigurationPlatforms) = postSolution
		{E896074F-AE2A-F0CD-6F3E-9A5EAF227C21}.Debug|Any CPU.ActiveCfg = Debug|Any CPU
		{E896074F-AE2A-F0CD-6F3E-9A5EAF227C21}.Debug|Any CPU.Build.0 = Debug|Any CPU
		{E896074F-AE2A-F0CD-6F3E-9A5EAF227C21}.Release|Any CPU.ActiveCfg = Release|Any CPU
		{E896074F-AE2A-F0CD-6F3E-9A5EAF227C21}.Release|Any CPU.Build.0 = Release|Any CPU
	EndGlobalSection
	GlobalSection(SolutionProperties) = preSolution
		HideSolutionNode = FALSE
	EndGlobalSection
	GlobalSection(ExtensibilityGlobals) = postSolution
		SolutionGuid = {01D0CDFE-148F-4233-9004-BA5D50013EE4}
	EndGlobalSection
EndGlobal
